
Microsoft Visual Studio Solution File, Format Version 12.00
# Visual Studio 14
VisualStudioVersion = 14.0.23107.0
MinimumVisualStudioVersion = 10.0.40219.1
Project("{FAE04EC0-301F-11D3-BF4B-00C04F79EFBC}") = "MesLectures", "MesLectures\MesLectures.csproj", "{8570A89E-4059-4D22-B8FB-1DB1A6B7E1AA}"
EndProject
Global
	GlobalSection(SolutionConfigurationPlatforms) = preSolution
		Debug|ARM = Debug|ARM
		Debug|x64 = Debug|x64
		Debug|x86 = Debug|x86
		Release|ARM = Release|ARM
		Release|x64 = Release|x64
		Release|x86 = Release|x86
	EndGlobalSection
	GlobalSection(ProjectConfigurationPlatforms) = postSolution
		{8570A89E-4059-4D22-B8FB-1DB1A6B7E1AA}.Debug|ARM.ActiveCfg = Debug|ARM
		{8570A89E-4059-4D22-B8FB-1DB1A6B7E1AA}.Debug|ARM.Build.0 = Debug|ARM
		{8570A89E-4059-4D22-B8FB-1DB1A6B7E1AA}.Debug|ARM.Deploy.0 = Debug|ARM
		{8570A89E-4059-4D22-B8FB-1DB1A6B7E1AA}.Debug|x64.ActiveCfg = Debug|x64
		{8570A89E-4059-4D22-B8FB-1DB1A6B7E1AA}.Debug|x64.Build.0 = Debug|x64
		{8570A89E-4059-4D22-B8FB-1DB1A6B7E1AA}.Debug|x64.Deploy.0 = Debug|x64
		{8570A89E-4059-4D22-B8FB-1DB1A6B7E1AA}.Debug|x86.ActiveCfg = Debug|x86
		{8570A89E-4059-4D22-B8FB-1DB1A6B7E1AA}.Debug|x86.Build.0 = Debug|x86
		{8570A89E-4059-4D22-B8FB-1DB1A6B7E1AA}.Debug|x86.Deploy.0 = Debug|x86
		{8570A89E-4059-4D22-B8FB-1DB1A6B7E1AA}.Release|ARM.ActiveCfg = Release|ARM
		{8570A89E-4059-4D22-B8FB-1DB1A6B7E1AA}.Release|ARM.Build.0 = Release|ARM
		{8570A89E-4059-4D22-B8FB-1DB1A6B7E1AA}.Release|ARM.Deploy.0 = Release|ARM
		{8570A89E-4059-4D22-B8FB-1DB1A6B7E1AA}.Release|x64.ActiveCfg = Release|x64
		{8570A89E-4059-4D22-B8FB-1DB1A6B7E1AA}.Release|x64.Build.0 = Release|x64
		{8570A89E-4059-4D22-B8FB-1DB1A6B7E1AA}.Release|x64.Deploy.0 = Release|x64
		{8570A89E-4059-4D22-B8FB-1DB1A6B7E1AA}.Release|x86.ActiveCfg = Release|x86
		{8570A89E-4059-4D22-B8FB-1DB1A6B7E1AA}.Release|x86.Build.0 = Release|x86
		{8570A89E-4059-4D22-B8FB-1DB1A6B7E1AA}.Release|x86.Deploy.0 = Release|x86
	EndGlobalSection
	GlobalSection(SolutionProperties) = preSolution
		HideSolutionNode = FALSE
	EndGlobalSection
EndGlobal
