
Microsoft Visual Studio Solution File, Format Version 12.00
# Visual Studio 2013
VisualStudioVersion = 12.0.31101.0
MinimumVisualStudioVersion = 10.0.40219.1
Project("{2150E333-8FDC-42A3-9474-1A3956D46DE8}") = "MesLectures", "MesLectures", "{8E0A05B6-9602-4432-8CD2-E74E2AB9C605}"
EndProject
Project("{D954291E-2A0B-460D-934E-DC6B0785DB48}") = "MesLectures.Shared", "MesLectures\MesLectures.Shared\MesLectures.Shared.shproj", "{7FDE13ED-82BB-442D-80AA-1F251E92F4DF}"
EndProject
Project("{FAE04EC0-301F-11D3-BF4B-00C04F79EFBC}") = "MesLectures.Windows", "MesLectures\MesLectures.Windows\MesLectures.Windows.csproj", "{900E4BBA-E487-415A-956A-CB812F7DC7C8}"
EndProject
Project("{FAE04EC0-301F-11D3-BF4B-00C04F79EFBC}") = "MesLectures.WindowsPhone", "MesLectures\MesLectures.WindowsPhone\MesLectures.WindowsPhone.csproj", "{B875FA79-E6AD-4147-B849-4ECB14B23FCE}"
EndProject
Global
	GlobalSection(SharedMSBuildProjectFiles) = preSolution
		MesLectures\MesLectures.Shared\MesLectures.Shared.projitems*{900e4bba-e487-415a-956a-cb812f7dc7c8}*SharedItemsImports = 4
		MesLectures\MesLectures.Shared\MesLectures.Shared.projitems*{7fde13ed-82bb-442d-80aa-1f251e92f4df}*SharedItemsImports = 13
		MesLectures\MesLectures.Shared\MesLectures.Shared.projitems*{b875fa79-e6ad-4147-b849-4ecb14b23fce}*SharedItemsImports = 4
	EndGlobalSection
	GlobalSection(SolutionConfigurationPlatforms) = preSolution
		Debug|Any CPU = Debug|Any CPU
		Debug|ARM = Debug|ARM
		Debug|x64 = Debug|x64
		Debug|x86 = Debug|x86
		Release|Any CPU = Release|Any CPU
		Release|ARM = Release|ARM
		Release|x64 = Release|x64
		Release|x86 = Release|x86
	EndGlobalSection
	GlobalSection(ProjectConfigurationPlatforms) = postSolution
		{900E4BBA-E487-415A-956A-CB812F7DC7C8}.Debug|Any CPU.ActiveCfg = Debug|Any CPU
		{900E4BBA-E487-415A-956A-CB812F7DC7C8}.Debug|Any CPU.Build.0 = Debug|Any CPU
		{900E4BBA-E487-415A-956A-CB812F7DC7C8}.Debug|Any CPU.Deploy.0 = Debug|Any CPU
		{900E4BBA-E487-415A-956A-CB812F7DC7C8}.Debug|ARM.ActiveCfg = Debug|ARM
		{900E4BBA-E487-415A-956A-CB812F7DC7C8}.Debug|ARM.Build.0 = Debug|ARM
		{900E4BBA-E487-415A-956A-CB812F7DC7C8}.Debug|ARM.Deploy.0 = Debug|ARM
		{900E4BBA-E487-415A-956A-CB812F7DC7C8}.Debug|x64.ActiveCfg = Debug|x64
		{900E4BBA-E487-415A-956A-CB812F7DC7C8}.Debug|x64.Build.0 = Debug|x64
		{900E4BBA-E487-415A-956A-CB812F7DC7C8}.Debug|x64.Deploy.0 = Debug|x64
		{900E4BBA-E487-415A-956A-CB812F7DC7C8}.Debug|x86.ActiveCfg = Debug|x86
		{900E4BBA-E487-415A-956A-CB812F7DC7C8}.Debug|x86.Build.0 = Debug|x86
		{900E4BBA-E487-415A-956A-CB812F7DC7C8}.Debug|x86.Deploy.0 = Debug|x86
		{900E4BBA-E487-415A-956A-CB812F7DC7C8}.Release|Any CPU.ActiveCfg = Release|Any CPU
		{900E4BBA-E487-415A-956A-CB812F7DC7C8}.Release|Any CPU.Build.0 = Release|Any CPU
		{900E4BBA-E487-415A-956A-CB812F7DC7C8}.Release|Any CPU.Deploy.0 = Release|Any CPU
		{900E4BBA-E487-415A-956A-CB812F7DC7C8}.Release|ARM.ActiveCfg = Release|ARM
		{900E4BBA-E487-415A-956A-CB812F7DC7C8}.Release|ARM.Build.0 = Release|ARM
		{900E4BBA-E487-415A-956A-CB812F7DC7C8}.Release|ARM.Deploy.0 = Release|ARM
		{900E4BBA-E487-415A-956A-CB812F7DC7C8}.Release|x64.ActiveCfg = Release|x64
		{900E4BBA-E487-415A-956A-CB812F7DC7C8}.Release|x64.Build.0 = Release|x64
		{900E4BBA-E487-415A-956A-CB812F7DC7C8}.Release|x64.Deploy.0 = Release|x64
		{900E4BBA-E487-415A-956A-CB812F7DC7C8}.Release|x86.ActiveCfg = Release|x86
		{900E4BBA-E487-415A-956A-CB812F7DC7C8}.Release|x86.Build.0 = Release|x86
		{900E4BBA-E487-415A-956A-CB812F7DC7C8}.Release|x86.Deploy.0 = Release|x86
		{B875FA79-E6AD-4147-B849-4ECB14B23FCE}.Debug|Any CPU.ActiveCfg = Debug|Any CPU
		{B875FA79-E6AD-4147-B849-4ECB14B23FCE}.Debug|Any CPU.Build.0 = Debug|Any CPU
		{B875FA79-E6AD-4147-B849-4ECB14B23FCE}.Debug|Any CPU.Deploy.0 = Debug|Any CPU
		{B875FA79-E6AD-4147-B849-4ECB14B23FCE}.Debug|ARM.ActiveCfg = Debug|ARM
		{B875FA79-E6AD-4147-B849-4ECB14B23FCE}.Debug|ARM.Build.0 = Debug|ARM
		{B875FA79-E6AD-4147-B849-4ECB14B23FCE}.Debug|ARM.Deploy.0 = Debug|ARM
		{B875FA79-E6AD-4147-B849-4ECB14B23FCE}.Debug|x64.ActiveCfg = Debug|Any CPU
		{B875FA79-E6AD-4147-B849-4ECB14B23FCE}.Debug|x86.ActiveCfg = Debug|x86
		{B875FA79-E6AD-4147-B849-4ECB14B23FCE}.Debug|x86.Build.0 = Debug|x86
		{B875FA79-E6AD-4147-B849-4ECB14B23FCE}.Debug|x86.Deploy.0 = Debug|x86
		{B875FA79-E6AD-4147-B849-4ECB14B23FCE}.Release|Any CPU.ActiveCfg = Release|Any CPU
		{B875FA79-E6AD-4147-B849-4ECB14B23FCE}.Release|Any CPU.Build.0 = Release|Any CPU
		{B875FA79-E6AD-4147-B849-4ECB14B23FCE}.Release|Any CPU.Deploy.0 = Release|Any CPU
		{B875FA79-E6AD-4147-B849-4ECB14B23FCE}.Release|ARM.ActiveCfg = Release|ARM
		{B875FA79-E6AD-4147-B849-4ECB14B23FCE}.Release|ARM.Build.0 = Release|ARM
		{B875FA79-E6AD-4147-B849-4ECB14B23FCE}.Release|ARM.Deploy.0 = Release|ARM
		{B875FA79-E6AD-4147-B849-4ECB14B23FCE}.Release|x64.ActiveCfg = Release|Any CPU
		{B875FA79-E6AD-4147-B849-4ECB14B23FCE}.Release|x86.ActiveCfg = Release|x86
		{B875FA79-E6AD-4147-B849-4ECB14B23FCE}.Release|x86.Build.0 = Release|x86
		{B875FA79-E6AD-4147-B849-4ECB14B23FCE}.Release|x86.Deploy.0 = Release|x86
	EndGlobalSection
	GlobalSection(SolutionProperties) = preSolution
		HideSolutionNode = FALSE
	EndGlobalSection
	GlobalSection(NestedProjects) = preSolution
		{7FDE13ED-82BB-442D-80AA-1F251E92F4DF} = {8E0A05B6-9602-4432-8CD2-E74E2AB9C605}
		{900E4BBA-E487-415A-956A-CB812F7DC7C8} = {8E0A05B6-9602-4432-8CD2-E74E2AB9C605}
		{B875FA79-E6AD-4147-B849-4ECB14B23FCE} = {8E0A05B6-9602-4432-8CD2-E74E2AB9C605}
	EndGlobalSection
EndGlobal
